
Microsoft Visual Studio Solution File, Format Version 12.00
Project("{FAE04EC0-301F-11D3-BF4B-00C04F79EFBC}") = "Leetcode.Solution", "Leetcode.Solution.csproj", "{F945C5A7-F054-489B-B3FF-AB6235A391BD}"
EndProject
Project("{2150E333-8FDC-42A3-9474-1A3956D46DE8}") = "App", "App", "{5DF623C9-B10F-48ED-88EB-7C23F8114B2D}"
EndProject
Project("{2150E333-8FDC-42A3-9474-1A3956D46DE8}") = "Tests", "Tests", "{F5B10B79-BC68-4BB9-B6D5-D0F7BCECBB1C}"
EndProject
Project("{FAE04EC0-301F-11D3-BF4B-00C04F79EFBC}") = "Leetcode.Test", "..\Leetcode.Solution.Test\Leetcode.Test\Leetcode.Test.csproj", "{9E6E3661-7138-4AB1-B34C-B4DA2BE19715}"
EndProject
Global
	GlobalSection(SolutionConfigurationPlatforms) = preSolution
		Debug|Any CPU = Debug|Any CPU
		Release|Any CPU = Release|Any CPU
	EndGlobalSection
	GlobalSection(ProjectConfigurationPlatforms) = postSolution
		{F945C5A7-F054-489B-B3FF-AB6235A391BD}.Debug|Any CPU.ActiveCfg = Debug|Any CPU
		{F945C5A7-F054-489B-B3FF-AB6235A391BD}.Debug|Any CPU.Build.0 = Debug|Any CPU
		{F945C5A7-F054-489B-B3FF-AB6235A391BD}.Release|Any CPU.ActiveCfg = Release|Any CPU
		{F945C5A7-F054-489B-B3FF-AB6235A391BD}.Release|Any CPU.Build.0 = Release|Any CPU
		{9E6E3661-7138-4AB1-B34C-B4DA2BE19715}.Debug|Any CPU.ActiveCfg = Debug|Any CPU
		{9E6E3661-7138-4AB1-B34C-B4DA2BE19715}.Debug|Any CPU.Build.0 = Debug|Any CPU
		{9E6E3661-7138-4AB1-B34C-B4DA2BE19715}.Release|Any CPU.ActiveCfg = Release|Any CPU
		{9E6E3661-7138-4AB1-B34C-B4DA2BE19715}.Release|Any CPU.Build.0 = Release|Any CPU
	EndGlobalSection
	GlobalSection(NestedProjects) = preSolution
		{F945C5A7-F054-489B-B3FF-AB6235A391BD} = {5DF623C9-B10F-48ED-88EB-7C23F8114B2D}
		{9E6E3661-7138-4AB1-B34C-B4DA2BE19715} = {F5B10B79-BC68-4BB9-B6D5-D0F7BCECBB1C}
	EndGlobalSection
EndGlobal
